
Microsoft Visual Studio Solution File, Format Version 12.00
# Visual Studio Version 17
VisualStudioVersion = 17.11.35327.3
MinimumVisualStudioVersion = 10.0.40219.1
Project("{FAE04EC0-301F-11D3-BF4B-00C04F79EFBC}") = "BuckshotRoulette-ShellTracker", "BuckshotRoulette-ShellTracker.csproj", "{48088005-723B-4856-822D-331A82663283}"
EndProject
Global
	GlobalSection(SolutionConfigurationPlatforms) = preSolution
		Debug|Any CPU = Debug|Any CPU
		Release|Any CPU = Release|Any CPU
	EndGlobalSection
	GlobalSection(ProjectConfigurationPlatforms) = postSolution
		{48088005-723B-4856-822D-331A82663283}.Debug|Any CPU.ActiveCfg = Debug|Any CPU
		{48088005-723B-4856-822D-331A82663283}.Debug|Any CPU.Build.0 = Debug|Any CPU
		{48088005-723B-4856-822D-331A82663283}.Release|Any CPU.ActiveCfg = Release|Any CPU
		{48088005-723B-4856-822D-331A82663283}.Release|Any CPU.Build.0 = Release|Any CPU
	EndGlobalSection
	GlobalSection(SolutionProperties) = preSolution
		HideSolutionNode = FALSE
	EndGlobalSection
	GlobalSection(ExtensibilityGlobals) = postSolution
		SolutionGuid = {04D1E82F-16DD-420F-A527-701ADB18E89D}
	EndGlobalSection
EndGlobal
